
Microsoft Visual Studio Solution File, Format Version 12.00
# Visual Studio 15
VisualStudioVersion = 15.0.28010.2016
MinimumVisualStudioVersion = 10.0.40219.1
Project("{FAE04EC0-301F-11D3-BF4B-00C04F79EFBC}") = "MurderInvitation", "MurderInvitation\MurderInvitation.csproj", "{F085D8DB-FD5A-41EA-BB9F-66584C3BAE62}"
EndProject
Global
	GlobalSection(SolutionConfigurationPlatforms) = preSolution
		Debug|Any CPU = Debug|Any CPU
		Release|Any CPU = Release|Any CPU
	EndGlobalSection
	GlobalSection(ProjectConfigurationPlatforms) = postSolution
		{F085D8DB-FD5A-41EA-BB9F-66584C3BAE62}.Debug|Any CPU.ActiveCfg = Debug|Any CPU
		{F085D8DB-FD5A-41EA-BB9F-66584C3BAE62}.Debug|Any CPU.Build.0 = Debug|Any CPU
		{F085D8DB-FD5A-41EA-BB9F-66584C3BAE62}.Release|Any CPU.ActiveCfg = Release|Any CPU
		{F085D8DB-FD5A-41EA-BB9F-66584C3BAE62}.Release|Any CPU.Build.0 = Release|Any CPU
	EndGlobalSection
	GlobalSection(SolutionProperties) = preSolution
		HideSolutionNode = FALSE
	EndGlobalSection
	GlobalSection(ExtensibilityGlobals) = postSolution
		SolutionGuid = {BBFA0FCF-1197-4BAE-A471-5C3C56B8FF5D}
	EndGlobalSection
EndGlobal
